# THIS IS AN AUTOGENERATED FILE. DO NOT EDIT THIS FILE DIRECTLY.
# yarn lockfile v1


"@eva/eva.js@1.2.7", "@eva/eva.js@^1.2.7":
  version "1.2.7"
  resolved "https://registry.npmmirror.com/@eva/eva.js/-/eva.js-1.2.7.tgz#5751937c64be26ffdfa10fcd864a287c44ae8ce8"
  integrity sha512-CuodRSy7n1LlU3vu3BbjWYlUA5AgW+ztW/7nXhHTrIcD4BTifSiV3E7mj1eo3jAQ61RvSdZdGbFhpCwv6xUgRw==
  dependencies:
    "@eva/inspector-decorator" "^0.0.5"
    eventemitter3 "^3.1.2"
    lodash-es "^4.17.21"
    mini-signals "^1.2.0"
    parse-uri "^1.0.3"
    resource-loader "^4.0.0-rc4"
    sprite-timeline "^1.10.2"

"@eva/inspector-decorator@^0.0.5":
  version "0.0.5"
  resolved "https://registry.npmmirror.com/@eva/inspector-decorator/-/inspector-decorator-0.0.5.tgz#da68206249a1501e9b5f043faf64319310137cbb"
  integrity sha512-p9GB853nY/PGLbglSpaCY2kFNQcdaocvk48ZwJqokSDwq5jSrC2L7DHom3DcfcNkf2FxMtKkT3tftYXxDKwt/g==

"@eva/plugin-renderer-text@^1.2.7":
  version "1.2.7"
  resolved "https://registry.npmmirror.com/@eva/plugin-renderer-text/-/plugin-renderer-text-1.2.7.tgz#2c9304973783a5ee39c8aba61868d0c2af3abc15"
  integrity sha512-IoUN/eIADDbzRz5y6csDXQhg3Bzr6IMwOAkPMZlSXnu+NY7a5lj3DCOJuPnJPgfUY7bC8vF8Cvu5NcEG6WpjsQ==
  dependencies:
    "@eva/eva.js" "1.2.7"
    "@eva/inspector-decorator" "^0.0.5"
    "@eva/plugin-renderer" "1.2.7"
    "@eva/renderer-adapter" "1.2.7"
    pixi.js "^4.8.7"

"@eva/plugin-renderer@1.2.7", "@eva/plugin-renderer@^1.2.7":
  version "1.2.7"
  resolved "https://registry.npmmirror.com/@eva/plugin-renderer/-/plugin-renderer-1.2.7.tgz#5096e92ecafecb74fadac55441b018384176854d"
  integrity sha512-HX/6X22l7X2wIZIHBMGh8L4efGpBJwZbes3WqoBdjQ3JN8oCjRtyod1y8+QpeJblrMB6MEYWzqkQRSWhBIBB3g==
  dependencies:
    "@eva/eva.js" "1.2.7"
    "@eva/renderer-adapter" "1.2.7"
    "@types/pixi.js" "^4.8.9"
    eventemitter3 "^3.1.2"
    lodash-es "^4.17.21"
    pixi.js "^4.8.9"

"@eva/renderer-adapter@1.2.7":
  version "1.2.7"
  resolved "https://registry.npmmirror.com/@eva/renderer-adapter/-/renderer-adapter-1.2.7.tgz#643f61294c30ebcf89849644eda53d4d0c834d05"
  integrity sha512-qOwILkN3ynuKLTUofzYRLMfNB+Hp4v9pS1UOIi0c/cdvK7Tulc1+/9EK7heIsLBD80oPzJGWmrsce/sN5wcTsQ==
  dependencies:
    "@types/pixi.js" "^4.8.9"
    pixi.js "^4.8.9"

"@types/pixi.js@^4.8.9":
  version "4.8.9"
  resolved "https://registry.npmmirror.com/@types/pixi.js/-/pixi.js-4.8.9.tgz#207d8719f655d84eaa28adcfb3c62e414450dc56"
  integrity sha512-PCqd9/TaGOAqg73u8cQKH2sg8pdkRzU6VKu8lWrV+/+p5QiDRtrT8chY5yveVM8A/hWLNtvIQlWpojDomTSNQQ==

babel-runtime@^6.26.0:
  version "6.26.0"
  resolved "https://registry.npmmirror.com/babel-runtime/-/babel-runtime-6.26.0.tgz#965c7058668e82b55d7bfe04ff2337bc8b5647fe"
  integrity sha512-ITKNuq2wKlW1fJg9sSW52eepoYgZBggvOAHC0u/CYu/qxQ9EVzThCgR69BnSXLHjy2f7SY5zaQ4yt7H9ZVxY2g==
  dependencies:
    core-js "^2.4.0"
    regenerator-runtime "^0.11.0"

bit-twiddle@^1.0.2:
  version "1.0.2"
  resolved "https://registry.npmmirror.com/bit-twiddle/-/bit-twiddle-1.0.2.tgz#0c6c1fabe2b23d17173d9a61b7b7093eb9e1769e"
  integrity sha512-B9UhK0DKFZhoTFcfvAzhqsjStvGJp9vYWf3+6SNTtdSQnvIgfkHbgHrg/e4+TH71N2GDu8tpmCVoyfrL1d7ntA==

core-js@^2.4.0:
  version "2.6.12"
  resolved "https://registry.npmmirror.com/core-js/-/core-js-2.6.12.tgz#d9333dfa7b065e347cc5682219d6f690859cc2ec"
  integrity sha512-Kb2wC0fvsWfQrgk8HU5lW6U/Lcs8+9aaYcy4ZFc6DDlo4nZ7n70dEgE5rtR0oG6ufKDUnrwfWL1mXR5ljDatrQ==

earcut@^2.1.4:
  version "2.2.3"
  resolved "https://registry.npmmirror.com/earcut/-/earcut-2.2.3.tgz#d44ced2ff5a18859568e327dd9c7d46b16f55cf4"
  integrity sha512-iRDI1QeCQIhMCZk48DRDMVgQSSBDmbzzNhnxIo+pwx3swkfjMh6vh0nWLq1NdvGHLKH6wIrAM3vQWeTj6qeoug==

eventemitter3@^2.0.0:
  version "2.0.3"
  resolved "https://registry.npmmirror.com/eventemitter3/-/eventemitter3-2.0.3.tgz#b5e1079b59fb5e1ba2771c0a993be060a58c99ba"
  integrity sha512-jLN68Dx5kyFHaePoXWPsCGW5qdyZQtLYHkxkg02/Mz6g0kYpDx4FyP6XfArhQdlOC4b8Mv+EMxPo/8La7Tzghg==

eventemitter3@^3.1.2:
  version "3.1.2"
  resolved "https://registry.npmmirror.com/eventemitter3/-/eventemitter3-3.1.2.tgz#2d3d48f9c346698fce83a85d7d664e98535df6e7"
  integrity sha512-tvtQIeLVHjDkJYnzf2dgVMxfuSGJeM/7UCG17TT4EumTfNtF+0nebF/4zWOIkCreAbtNqhGEboB6BWrwqNaw4Q==

ismobilejs@^0.5.1:
  version "0.5.2"
  resolved "https://registry.npmmirror.com/ismobilejs/-/ismobilejs-0.5.2.tgz#e81bacf6187c532ad8348355f4fecd6e6adfdce1"
  integrity sha512-ta9UdV60xVZk/ZafFtSFslQaE76SvNkcs1r73d2PVR21zVzx9xuYv9tNe4MxA1NN7WoeCc2RjGot3Bz1eHDx3Q==

lodash-es@^4.17.21:
  version "4.17.21"
  resolved "https://registry.npmmirror.com/lodash-es/-/lodash-es-4.17.21.tgz#43e626c46e6591b7750beb2b50117390c609e3ee"
  integrity sha512-mKnC+QJ9pWVzv+C4/U3rRsHapFfHvQFoFB92e52xeyGMcX6/OlIl78je1u8vePzYZSkkogMPJ2yjxxsb89cxyw==

mini-signals@^1.1.1, mini-signals@^1.2.0:
  version "1.2.0"
  resolved "https://registry.npmmirror.com/mini-signals/-/mini-signals-1.2.0.tgz#45b08013c5fae51a24aa1a935cd317c9ed721d74"
  integrity sha512-alffqMkGCjjTSwvYMVLx+7QeJ6sTuxbXqBkP21my4iWU5+QpTQAJt3h7htA1OKm9F3BpMM0vnu72QIoiJakrLA==

object-assign@^4.0.1:
  version "4.1.1"
  resolved "https://registry.npmmirror.com/object-assign/-/object-assign-4.1.1.tgz#2109adc7965887cfc05cbbd442cac8bfbb360863"
  integrity sha512-rJgTQnkUnH1sFw8yT6VSU3zD3sWmu6sZhIseY8VX+GRu3P6F7Fu+JNDoXfklElbLJSnc3FUQHVe4cU5hj+BcUg==

parse-uri@^1.0.0, parse-uri@^1.0.3:
  version "1.0.7"
  resolved "https://registry.npmmirror.com/parse-uri/-/parse-uri-1.0.7.tgz#287629a09328a97e398468f21b8a00c4a2d9cc73"
  integrity sha512-eWuZCMKNlVkXrEoANdXxbmqhu2SQO9jUMCSpdbJDObin0JxISn6e400EWsSRbr/czdKvWKkhZnMKEGUwf/Plmg==

path-browserify@^1.0.1:
  version "1.0.1"
  resolved "https://registry.npmmirror.com/path-browserify/-/path-browserify-1.0.1.tgz#d98454a9c3753d5790860f16f68867b9e46be1fd"
  integrity sha512-b7uo2UCUOYZcnF/3ID0lulOJi/bafxa1xPe7ZPsammBSpjSWQkjNxlt635YGS2MiR9GjvuXCtz2emr3jbsz98g==

pixi-gl-core@^1.1.4:
  version "1.1.4"
  resolved "https://registry.npmmirror.com/pixi-gl-core/-/pixi-gl-core-1.1.4.tgz#8b4b5c433b31e419bc379dc565ce1b835a91b372"
  integrity sha512-dGLwg7664yASpT1insVUexNTMVEtvPZh/eDoXu8QUBoq2CY1Fc8axNwR+qbS1aJ8vj6y/TfWiOEaOSyNH41txw==

pixi.js@4.x, pixi.js@^4.8.7, pixi.js@^4.8.9:
  version "4.8.9"
  resolved "https://registry.npmmirror.com/pixi.js/-/pixi.js-4.8.9.tgz#36dc0de8907d9e64336436e237c6f7f7c0a362e1"
  integrity sha512-YcepG5/bXLAVTSTXaMIU9NeSzwyPq/oMu2oQi6L6iE5giwng02ixVCKgc6/eMv3zl2Ho+teSOLC8R5Wp3jBvLA==
  dependencies:
    bit-twiddle "^1.0.2"
    earcut "^2.1.4"
    eventemitter3 "^2.0.0"
    ismobilejs "^0.5.1"
    object-assign "^4.0.1"
    pixi-gl-core "^1.1.4"
    remove-array-items "^1.0.0"
    resource-loader "^2.2.3"

process@^0.11.10:
  version "0.11.10"
  resolved "https://registry.npmmirror.com/process/-/process-0.11.10.tgz#7332300e840161bda3e69a1d1d91a7d4bc16f182"
  integrity sha512-cdGef/drWFoydD1JsMzuFf8100nZl+GT+yacc2bEced5f9Rjk4z+WtFUTBu9PhOi9j/jfmBPu0mMEY4wIdAF8A==

punycode@1.3.2:
  version "1.3.2"
  resolved "https://registry.npmmirror.com/punycode/-/punycode-1.3.2.tgz#9653a036fb7c1ee42342f2325cceefea3926c48d"
  integrity sha512-RofWgt/7fL5wP1Y7fxE7/EmTLzQVnB0ycyibJ0OOHIlJqTNzglYFxVwETOcIoJqJmpDXJ9xImDv+Fq34F/d4Dw==

querystring-es3@^0.2.1:
  version "0.2.1"
  resolved "https://registry.npmmirror.com/querystring-es3/-/querystring-es3-0.2.1.tgz#9ec61f79049875707d69414596fd907a4d711e73"
  integrity sha512-773xhDQnZBMFobEiztv8LIl70ch5MSF/jUQVlhwFyBILqq96anmoctVIYz+ZRp0qbCKATTn6ev02M3r7Ga5vqA==

querystring@0.2.0:
  version "0.2.0"
  resolved "https://registry.npmmirror.com/querystring/-/querystring-0.2.0.tgz#b209849203bb25df820da756e747005878521620"
  integrity sha512-X/xY82scca2tau62i9mDyU9K+I+djTMUsvwf7xnUX5GLvVzgJybOJf4Y6o9Zx3oJK/LSXg5tTZBjwzqVPaPO2g==

regenerator-runtime@^0.11.0:
  version "0.11.1"
  resolved "https://registry.npmmirror.com/regenerator-runtime/-/regenerator-runtime-0.11.1.tgz#be05ad7f9bf7d22e056f9726cee5017fbf19e2e9"
  integrity sha512-MguG95oij0fC3QV3URf4V2SDYGJhJnJGqvIIgdECeODCT98wSWDAJ94SSuVpYQUoTcGUIL6L4yNB7j1DFFHSBg==

remove-array-items@^1.0.0:
  version "1.1.1"
  resolved "https://registry.npmmirror.com/remove-array-items/-/remove-array-items-1.1.1.tgz#fd745ff73d0822e561ea910bf1b401fc7843e693"
  integrity sha512-MXW/jtHyl5F1PZI7NbpS8SOtympdLuF20aoWJT5lELR1p/HJDd5nqW8Eu9uLh/hCRY3FgvrIT5AwDCgBODklcA==

resource-loader@^2.2.3:
  version "2.2.4"
  resolved "https://registry.npmmirror.com/resource-loader/-/resource-loader-2.2.4.tgz#9bf43dba59475d56be29c796399211ce0e96fd2d"
  integrity sha512-MrY0bEJN26us3h4bzJUSP0n4tFEb79lCpYBavtLjSezWCcXZMgxhSgvC9LxueuqpcxG+qPjhwFu5SQAcUNacdA==
  dependencies:
    mini-signals "^1.1.1"
    parse-uri "^1.0.0"

resource-loader@^4.0.0-rc4:
  version "4.0.0-rc4"
  resolved "https://registry.npmmirror.com/resource-loader/-/resource-loader-4.0.0-rc4.tgz#4794fe9629f258964b53de651bd023046099c989"
  integrity sha512-DuGS7xVDnL6rlDj0gU103N8CGGbEPkwqrIoZlL22/rGb97azFHgeb3DG53INW1MZCiAv9MUZfuk9ZxCIMBCM6g==
  dependencies:
    parse-uri "^1.0.0"
    type-signals "^1.0.3"

sprite-timeline@^1.10.2:
  version "1.10.2"
  resolved "https://registry.npmmirror.com/sprite-timeline/-/sprite-timeline-1.10.2.tgz#20fb012b002623fe8ef5f3f16e5a5d1364c079d0"
  integrity sha512-Nu0SNxSy04tyZELMYEjvKVN/2KoluLIXj4qHGrNSLKmQX9sPDegg2EzhnpP50FKQQAEDPHgrYlg3MuQA3cVW1g==
  dependencies:
    babel-runtime "^6.26.0"

type-signals@^1.0.3:
  version "1.1.0"
  resolved "https://registry.npmmirror.com/type-signals/-/type-signals-1.1.0.tgz#c3b756a64c794f8c2750c981b36c1e6e1014124d"
  integrity sha512-JzmQSmRNTIcQofZdYW9RHxAP8rrcq/N5I2fBy+V43oOqikOvsCTYlOIIX40Qpmr5GiRmYrptghIog84E1yz1Zg==

url@^0.11.0:
  version "0.11.0"
  resolved "https://registry.npmmirror.com/url/-/url-0.11.0.tgz#3838e97cfc60521eb73c525a8e55bfdd9e2e28f1"
  integrity sha512-kbailJa29QrtXnxgq+DdCEGlbTeYM2eJUxsz6vjZavrCYPMIFHMKQmSKYAIuUK2i7hgPm28a8piX5NTUtM/LKQ==
  dependencies:
    punycode "1.3.2"
    querystring "0.2.0"
